// !$*UTF8*$!
{
	archiveVersion = 1;
	classes = {
	};
	objectVersion = 56;
	objects = {

/* Begin PBXBuildFile section */
		C01D78C028EE1BA2005009CA /* AppDelegate.swift in Sources */ = {isa = PBXBuildFile; fileRef = C01D78BF28EE1BA2005009CA /* AppDelegate.swift */; };
		C01D78C228EE1BA2005009CA /* SceneDelegate.swift in Sources */ = {isa = PBXBuildFile; fileRef = C01D78C128EE1BA2005009CA /* SceneDelegate.swift */; };
		C01D78C428EE1BA2005009CA /* ViewController.swift in Sources */ = {isa = PBXBuildFile; fileRef = C01D78C328EE1BA2005009CA /* ViewController.swift */; };
		C01D78C728EE1BA2005009CA /* Main.storyboard in Resources */ = {isa = PBXBuildFile; fileRef = C01D78C528EE1BA2005009CA /* Main.storyboard */; };
		C01D78C928EE1BA3005009CA /* Assets.xcassets in Resources */ = {isa = PBXBuildFile; fileRef = C01D78C828EE1BA3005009CA /* Assets.xcassets */; };
		C01D78CC28EE1BA3005009CA /* LaunchScreen.storyboard in Resources */ = {isa = PBXBuildFile; fileRef = C01D78CA28EE1BA3005009CA /* LaunchScreen.storyboard */; };
		C01D78D628EE1E80005009CA /* MemoryCell.swift in Sources */ = {isa = PBXBuildFile; fileRef = C01D78D528EE1E80005009CA /* MemoryCell.swift */; };
		C01D78D828EE206F005009CA /* Memory.swift in Sources */ = {isa = PBXBuildFile; fileRef = C01D78D728EE206F005009CA /* Memory.swift */; };
		C06CFF9428EF35AD006EAD1A /* DetailVC.swift in Sources */ = {isa = PBXBuildFile; fileRef = C06CFF9328EF35AD006EAD1A /* DetailVC.swift */; };
/* End PBXBuildFile section */

/* Begin PBXFileReference section */
		C01D78BC28EE1BA2005009CA /* MemoryKeeper.app */ = {isa = PBXFileReference; explicitFileType = wrapper.application; includeInIndex = 0; path = MemoryKeeper.app; sourceTree = BUILT_PRODUCTS_DIR; };
		C01D78BF28EE1BA2005009CA /* AppDelegate.swift */ = {isa = PBXFileReference; lastKnownFileType = sourcecode.swift; path = AppDelegate.swift; sourceTree = "<group>"; };
		C01D78C128EE1BA2005009CA /* SceneDelegate.swift */ = {isa = PBXFileReference; lastKnownFileType = sourcecode.swift; path = SceneDelegate.swift; sourceTree = "<group>"; };
		C01D78C328EE1BA2005009CA /* ViewController.swift */ = {isa = PBXFileReference; lastKnownFileType = sourcecode.swift; path = ViewController.swift; sourceTree = "<group>"; };
		C01D78C628EE1BA2005009CA /* Base */ = {isa = PBXFileReference; lastKnownFileType = file.storyboard; name = Base; path = Base.lproj/Main.storyboard; sourceTree = "<group>"; };
		C01D78C828EE1BA3005009CA /* Assets.xcassets */ = {isa = PBXFileReference; lastKnownFileType = folder.assetcatalog; path = Assets.xcassets; sourceTree = "<group>"; };
		C01D78CB28EE1BA3005009CA /* Base */ = {isa = PBXFileReference; lastKnownFileType = file.storyboard; name = Base; path = Base.lproj/LaunchScreen.storyboard; sourceTree = "<group>"; };
		C01D78CD28EE1BA3005009CA /* Info.plist */ = {isa = PBXFileReference; lastKnownFileType = text.plist.xml; path = Info.plist; sourceTree = "<group>"; };
		C01D78D528EE1E80005009CA /* MemoryCell.swift */ = {isa = PBXFileReference; lastKnownFileType = sourcecode.swift; path = MemoryCell.swift; sourceTree = "<group>"; };
		C01D78D728EE206F005009CA /* Memory.swift */ = {isa = PBXFileReference; lastKnownFileType = sourcecode.swift; path = Memory.swift; sourceTree = "<group>"; };
		C06CFF9328EF35AD006EAD1A /* DetailVC.swift */ = {isa = PBXFileReference; lastKnownFileType = sourcecode.swift; path = DetailVC.swift; sourceTree = "<group>"; };
/* End PBXFileReference section */

/* Begin PBXFrameworksBuildPhase section */
		C01D78B928EE1BA2005009CA /* Frameworks */ = {
			isa = PBXFrameworksBuildPhase;
			buildActionMask = 2147483647;
			files = (
			);
			runOnlyForDeploymentPostprocessing = 0;
		};
/* End PBXFrameworksBuildPhase section */

/* Begin PBXGroup section */
		C01D78B328EE1BA2005009CA = {
			isa = PBXGroup;
			children = (
				C01D78BE28EE1BA2005009CA /* MemoryKeeper */,
				C01D78BD28EE1BA2005009CA /* Products */,
			);
			sourceTree = "<group>";
		};
		C01D78BD28EE1BA2005009CA /* Products */ = {
			isa = PBXGroup;
			children = (
				C01D78BC28EE1BA2005009CA /* MemoryKeeper.app */,
			);
			name = Products;
			sourceTree = "<group>";
		};
		C01D78BE28EE1BA2005009CA /* MemoryKeeper */ = {
			isa = PBXGroup;
			children = (
				C01D78BF28EE1BA2005009CA /* AppDelegate.swift */,
				C01D78C128EE1BA2005009CA /* SceneDelegate.swift */,
				C01D78C328EE1BA2005009CA /* ViewController.swift */,
				C06CFF9328EF35AD006EAD1A /* DetailVC.swift */,
				C01D78D728EE206F005009CA /* Memory.swift */,
				C01D78C528EE1BA2005009CA /* Main.storyboard */,
				C01D78D528EE1E80005009CA /* MemoryCell.swift */,
				C01D78C828EE1BA3005009CA /* Assets.xcassets */,
				C01D78CA28EE1BA3005009CA /* LaunchScreen.storyboard */,
				C01D78CD28EE1BA3005009CA /* Info.plist */,
			);
			path = MemoryKeeper;
			sourceTree = "<group>";
		};
/* End PBXGroup section */

/* Begin PBXNativeTarget section */
		C01D78BB28EE1BA2005009CA /* MemoryKeeper */ = {
			isa = PBXNativeTarget;
			buildConfigurationList = C01D78D028EE1BA3005009CA /* Build configuration list for PBXNativeTarget "MemoryKeeper" */;
			buildPhases = (
				C01D78B828EE1BA2005009CA /* Sources */,
				C01D78B928EE1BA2005009CA /* Frameworks */,
				C01D78BA28EE1BA2005009CA /* Resources */,
			);
			buildRules = (
			);
			dependencies = (
			);
			name = MemoryKeeper;
			productName = MemoryKeeper;
			productReference = C01D78BC28EE1BA2005009CA /* MemoryKeeper.app */;
			productType = "com.apple.product-type.application";
		};
/* End PBXNativeTarget section */

/* Begin PBXProject section */
		C01D78B428EE1BA2005009CA /* Project object */ = {
			isa = PBXProject;
			attributes = {
				BuildIndependentTargetsInParallel = 1;
				LastSwiftUpdateCheck = 1410;
				LastUpgradeCheck = 1410;
				TargetAttributes = {
					C01D78BB28EE1BA2005009CA = {
						CreatedOnToolsVersion = 14.1;
					};
				};
			};
			buildConfigurationList = C01D78B728EE1BA2005009CA /* Build configuration list for PBXProject "MemoryKeeper" */;
			compatibilityVersion = "Xcode 14.0";
			developmentRegion = en;
			hasScannedForEncodings = 0;
			knownRegions = (
				en,
				Base,
			);
			mainGroup = C01D78B328EE1BA2005009CA;
			productRefGroup = C01D78BD28EE1BA2005009CA /* Products */;
			projectDirPath = "";
			projectRoot = "";
			targets = (
				C01D78BB28EE1BA2005009CA /* MemoryKeeper */,
			);
		};
/* End PBXProject section */

/* Begin PBXResourcesBuildPhase section */
		C01D78BA28EE1BA2005009CA /* Resources */ = {
			isa = PBXResourcesBuildPhase;
			buildActionMask = 2147483647;
			files = (
				C01D78CC28EE1BA3005009CA /* LaunchScreen.storyboard in Resources */,
				C01D78C928EE1BA3005009CA /* Assets.xcassets in Resources */,
				C01D78C728EE1BA2005009CA /* Main.storyboard in Resources */,
			);
			runOnlyForDeploymentPostprocessing = 0;
		};
/* End PBXResourcesBuildPhase section */

/* Begin PBXSourcesBuildPhase section */
		C01D78B828EE1BA2005009CA /* Sources */ = {
			isa = PBXSourcesBuildPhase;
			buildActionMask = 2147483647;
			files = (
				C01D78D628EE1E80005009CA /* MemoryCell.swift in Sources */,
				C01D78C428EE1BA2005009CA /* ViewController.swift in Sources */,
				C01D78C028EE1BA2005009CA /* AppDelegate.swift in Sources */,
				C01D78D828EE206F005009CA /* Memory.swift in Sources */,
				C01D78C228EE1BA2005009CA /* SceneDelegate.swift in Sources */,
				C06CFF9428EF35AD006EAD1A /* DetailVC.swift in Sources */,
			);
			runOnlyForDeploymentPostprocessing = 0;
		};
/* End PBXSourcesBuildPhase section */

/* Begin PBXVariantGroup section */
		C01D78C528EE1BA2005009CA /* Main.storyboard */ = {
			isa = PBXVariantGroup;
			children = (
				C01D78C628EE1BA2005009CA /* Base */,
			);
			name = Main.storyboard;
			sourceTree = "<group>";
		};
		C01D78CA28EE1BA3005009CA /* LaunchScreen.storyboard */ = {
			isa = PBXVariantGroup;
			children = (
				C01D78CB28EE1BA3005009CA /* Base */,
			);
			name = LaunchScreen.storyboard;
			sourceTree = "<group>";
		};
/* End PBXVariantGroup section */

/* Begin XCBuildConfiguration section */
		C01D78CE28EE1BA3005009CA /* Debug */ = {
			isa = XCBuildConfiguration;
			buildSettings = {
				ALWAYS_SEARCH_USER_PATHS = NO;
				CLANG_ANALYZER_NONNULL = YES;
				CLANG_ANALYZER_NUMBER_OBJECT_CONVERSION = YES_AGGRESSIVE;
				CLANG_CXX_LANGUAGE_STANDARD = "gnu++20";
				CLANG_ENABLE_MODULES = YES;
				CLANG_ENABLE_OBJC_ARC = YES;
				CLANG_ENABLE_OBJC_WEAK = YES;
				CLANG_WARN_BLOCK_CAPTURE_AUTORELEASING = YES;
				CLANG_WARN_BOOL_CONVERSION = YES;
				CLANG_WARN_COMMA = YES;
				CLANG_WARN_CONSTANT_CONVERSION = YES;
				CLANG_WARN_DEPRECATED_OBJC_IMPLEMENTATIONS = YES;
				CLANG_WARN_DIRECT_OBJC_ISA_USAGE = YES_ERROR;
				CLANG_WARN_DOCUMENTATION_COMMENTS = YES;
				CLANG_WARN_EMPTY_BODY = YES;
				CLANG_WARN_ENUM_CONVERSION = YES;
				CLANG_WARN_INFINITE_RECURSION = YES;
				CLANG_WARN_INT_CONVERSION = YES;
				CLANG_WARN_NON_LITERAL_NULL_CONVERSION = YES;
				CLANG_WARN_OBJC_IMPLICIT_RETAIN_SELF = YES;
				CLANG_WARN_OBJC_LITERAL_CONVERSION = YES;
				CLANG_WARN_OBJC_ROOT_CLASS = YES_ERROR;
				CLANG_WARN_QUOTED_INCLUDE_IN_FRAMEWORK_HEADER = YES;
				CLANG_WARN_RANGE_LOOP_ANALYSIS = YES;
				CLANG_WARN_STRICT_PROTOTYPES = YES;
				CLANG_WARN_SUSPICIOUS_MOVE = YES;
				CLANG_WARN_UNGUARDED_AVAILABILITY = YES_AGGRESSIVE;
				CLANG_WARN_UNREACHABLE_CODE = YES;
				CLANG_WARN__DUPLICATE_METHOD_MATCH = YES;
				COPY_PHASE_STRIP = NO;
				DEBUG_INFORMATION_FORMAT = dwarf;
				ENABLE_STRICT_OBJC_MSGSEND = YES;
				ENABLE_TESTABILITY = YES;
				GCC_C_LANGUAGE_STANDARD = gnu11;
				GCC_DYNAMIC_NO_PIC = NO;
				GCC_NO_COMMON_BLOCKS = YES;
				GCC_OPTIMIZATION_LEVEL = 0;
				GCC_PREPROCESSOR_DEFINITIONS = (
					"DEBUG=1",
					"$(inherited)",
				);
				GCC_WARN_64_TO_32_BIT_CONVERSION = YES;
				GCC_WARN_ABOUT_RETURN_TYPE = YES_ERROR;
				GCC_WARN_UNDECLARED_SELECTOR = YES;
				GCC_WARN_UNINITIALIZED_AUTOS = YES_AGGRESSIVE;
				GCC_WARN_UNUSED_FUNCTION = YES;
				GCC_WARN_UNUSED_VARIABLE = YES;
				IPHONEOS_DEPLOYMENT_TARGET = 16.1;
				MTL_ENABLE_DEBUG_INFO = INCLUDE_SOURCE;
				MTL_FAST_MATH = YES;
				ONLY_ACTIVE_ARCH = YES;
				SDKROOT = iphoneos;
				SWIFT_ACTIVE_COMPILATION_CONDITIONS = DEBUG;
				SWIFT_OPTIMIZATION_LEVEL = "-Onone";
			};
			name = Debug;
		};
		C01D78CF28EE1BA3005009CA /* Release */ = {
			isa = XCBuildConfiguration;
			buildSettings = {
				ALWAYS_SEARCH_USER_PATHS = NO;
				CLANG_ANALYZER_NONNULL = YES;
				CLANG_ANALYZER_NUMBER_OBJECT_CONVERSION = YES_AGGRESSIVE;
				CLANG_CXX_LANGUAGE_STANDARD = "gnu++20";
				CLANG_ENABLE_MODULES = YES;
				CLANG_ENABLE_OBJC_ARC = YES;
				CLANG_ENABLE_OBJC_WEAK = YES;
				CLANG_WARN_BLOCK_CAPTURE_AUTORELEASING = YES;
				CLANG_WARN_BOOL_CONVERSION = YES;
				CLANG_WARN_COMMA = YES;
				CLANG_WARN_CONSTANT_CONVERSION = YES;
				CLANG_WARN_DEPRECATED_OBJC_IMPLEMENTATIONS = YES;
				CLANG_WARN_DIRECT_OBJC_ISA_USAGE = YES_ERROR;
				CLANG_WARN_DOCUMENTATION_COMMENTS = YES;
				CLANG_WARN_EMPTY_BODY = YES;
				CLANG_WARN_ENUM_CONVERSION = YES;
				CLANG_WARN_INFINITE_RECURSION = YES;
				CLANG_WARN_INT_CONVERSION = YES;
				CLANG_WARN_NON_LITERAL_NULL_CONVERSION = YES;
				CLANG_WARN_OBJC_IMPLICIT_RETAIN_SELF = YES;
				CLANG_WARN_OBJC_LITERAL_CONVERSION = YES;
				CLANG_WARN_OBJC_ROOT_CLASS = YES_ERROR;
				CLANG_WARN_QUOTED_INCLUDE_IN_FRAMEWORK_HEADER = YES;
				CLANG_WARN_RANGE_LOOP_ANALYSIS = YES;
				CLANG_WARN_STRICT_PROTOTYPES = YES;
				CLANG_WARN_SUSPICIOUS_MOVE = YES;
				CLANG_WARN_UNGUARDED_AVAILABILITY = YES_AGGRESSIVE;
				CLANG_WARN_UNREACHABLE_CODE = YES;
				CLANG_WARN__DUPLICATE_METHOD_MATCH = YES;
				COPY_PHASE_STRIP = NO;
				DEBUG_INFORMATION_FORMAT = "dwarf-with-dsym";
				ENABLE_NS_ASSERTIONS = NO;
				ENABLE_STRICT_OBJC_MSGSEND = YES;
				GCC_C_LANGUAGE_STANDARD = gnu11;
				GCC_NO_COMMON_BLOCKS = YES;
				GCC_WARN_64_TO_32_BIT_CONVERSION = YES;
				GCC_WARN_ABOUT_RETURN_TYPE = YES_ERROR;
				GCC_WARN_UNDECLARED_SELECTOR = YES;
				GCC_WARN_UNINITIALIZED_AUTOS = YES_AGGRESSIVE;
				GCC_WARN_UNUSED_FUNCTION = YES;
				GCC_WARN_UNUSED_VARIABLE = YES;
				IPHONEOS_DEPLOYMENT_TARGET = 16.1;
				MTL_ENABLE_DEBUG_INFO = NO;
				MTL_FAST_MATH = YES;
				SDKROOT = iphoneos;
				SWIFT_COMPILATION_MODE = wholemodule;
				SWIFT_OPTIMIZATION_LEVEL = "-O";
				VALIDATE_PRODUCT = YES;
			};
			name = Release;
		};
		C01D78D128EE1BA3005009CA /* Debug */ = {
			isa = XCBuildConfiguration;
			buildSettings = {
				ASSETCATALOG_COMPILER_APPICON_NAME = AppIcon;
				ASSETCATALOG_COMPILER_GLOBAL_ACCENT_COLOR_NAME = AccentColor;
				CODE_SIGN_STYLE = Automatic;
				CURRENT_PROJECT_VERSION = 1;
				DEVELOPMENT_TEAM = VQAXAL86KV;
				GENERATE_INFOPLIST_FILE = YES;
				INFOPLIST_FILE = MemoryKeeper/Info.plist;
				INFOPLIST_KEY_UIApplicationSupportsIndirectInputEvents = YES;
				INFOPLIST_KEY_UILaunchStoryboardName = LaunchScreen;
				INFOPLIST_KEY_UIMainStoryboardFile = Main;
				INFOPLIST_KEY_UISupportedInterfaceOrientations_iPad = "UIInterfaceOrientationPortrait UIInterfaceOrientationPortraitUpsideDown UIInterfaceOrientationLandscapeLeft UIInterfaceOrientationLandscapeRight";
				INFOPLIST_KEY_UISupportedInterfaceOrientations_iPhone = "UIInterfaceOrientationPortrait UIInterfaceOrientationLandscapeLeft UIInterfaceOrientationLandscapeRight";
				LD_RUNPATH_SEARCH_PATHS = (
					"$(inherited)",
					"@executable_path/Frameworks",
				);
				MARKETING_VERSION = 1.0;
				PRODUCT_BUNDLE_IDENTIFIER = me.grant.watson.MemoryKeeper;
				PRODUCT_NAME = "$(TARGET_NAME)";
				SWIFT_EMIT_LOC_STRINGS = YES;
				SWIFT_VERSION = 5.0;
				TARGETED_DEVICE_FAMILY = "1,2";
			};
			name = Debug;
		};
		C01D78D228EE1BA3005009CA /* Release */ = {
			isa = XCBuildConfiguration;
			buildSettings = {
				ASSETCATALOG_COMPILER_APPICON_NAME = AppIcon;
				ASSETCATALOG_COMPILER_GLOBAL_ACCENT_COLOR_NAME = AccentColor;
				CODE_SIGN_STYLE = Automatic;
				CURRENT_PROJECT_VERSION = 1;
				DEVELOPMENT_TEAM = VQAXAL86KV;
				GENERATE_INFOPLIST_FILE = YES;
				INFOPLIST_FILE = MemoryKeeper/Info.plist;
				INFOPLIST_KEY_UIApplicationSupportsIndirectInputEvents = YES;
				INFOPLIST_KEY_UILaunchStoryboardName = LaunchScreen;
				INFOPLIST_KEY_UIMainStoryboardFile = Main;
				INFOPLIST_KEY_UISupportedInterfaceOrientations_iPad = "UIInterfaceOrientationPortrait UIInterfaceOrientationPortraitUpsideDown UIInterfaceOrientationLandscapeLeft UIInterfaceOrientationLandscapeRight";
				INFOPLIST_KEY_UISupportedInterfaceOrientations_iPhone = "UIInterfaceOrientationPortrait UIInterfaceOrientationLandscapeLeft UIInterfaceOrientationLandscapeRight";
				LD_RUNPATH_SEARCH_PATHS = (
					"$(inherited)",
					"@executable_path/Frameworks",
				);
				MARKETING_VERSION = 1.0;
				PRODUCT_BUNDLE_IDENTIFIER = me.grant.watson.MemoryKeeper;
				PRODUCT_NAME = "$(TARGET_NAME)";
				SWIFT_EMIT_LOC_STRINGS = YES;
				SWIFT_VERSION = 5.0;
				TARGETED_DEVICE_FAMILY = "1,2";
			};
			name = Release;
		};
/* End XCBuildConfiguration section */

/* Begin XCConfigurationList section */
		C01D78B728EE1BA2005009CA /* Build configuration list for PBXProject "MemoryKeeper" */ = {
			isa = XCConfigurationList;
			buildConfigurations = (
				C01D78CE28EE1BA3005009CA /* Debug */,
				C01D78CF28EE1BA3005009CA /* Release */,
			);
			defaultConfigurationIsVisible = 0;
			defaultConfigurationName = Release;
		};
		C01D78D028EE1BA3005009CA /* Build configuration list for PBXNativeTarget "MemoryKeeper" */ = {
			isa = XCConfigurationList;
			buildConfigurations = (
				C01D78D128EE1BA3005009CA /* Debug */,
				C01D78D228EE1BA3005009CA /* Release */,
			);
			defaultConfigurationIsVisible = 0;
			defaultConfigurationName = Release;
		};
/* End XCConfigurationList section */
	};
	rootObject = C01D78B428EE1BA2005009CA /* Project object */;
}
